// !$*UTF8*$!
{
	archiveVersion = 1;
	classes = {
	};
	objectVersion = 46;
	objects = {

/* Begin PBXBuildFile section */
		C2B3C3FC1BA2671B002344AE /* AppDelegate.swift in Sources */ = {isa = PBXBuildFile; fileRef = C2B3C3FB1BA2671B002344AE /* AppDelegate.swift */; };
		C2B3C3FE1BA2671B002344AE /* ViewController.swift in Sources */ = {isa = PBXBuildFile; fileRef = C2B3C3FD1BA2671B002344AE /* ViewController.swift */; };
		C2B3C4011BA2671B002344AE /* Main.storyboard in Resources */ = {isa = PBXBuildFile; fileRef = C2B3C3FF1BA2671B002344AE /* Main.storyboard */; };
		C2B3C4031BA2671B002344AE /* Images.xcassets in Resources */ = {isa = PBXBuildFile; fileRef = C2B3C4021BA2671B002344AE /* Images.xcassets */; };
		C2B3C4061BA2671B002344AE /* LaunchScreen.xib in Resources */ = {isa = PBXBuildFile; fileRef = C2B3C4041BA2671B002344AE /* LaunchScreen.xib */; };
		D59957791BA2BD450089C1AB /* ARAutocompleteTextView.m in Sources */ = {isa = PBXBuildFile; fileRef = D59957741BA2BD450089C1AB /* ARAutocompleteTextView.m */; };
		D599577A1BA2BD450089C1AB /* AREmailAutocompleteTextView.m in Sources */ = {isa = PBXBuildFile; fileRef = D59957761BA2BD450089C1AB /* AREmailAutocompleteTextView.m */; };
		D599577B1BA2BD450089C1AB /* ARTwitterAutocompleteTextView.m in Sources */ = {isa = PBXBuildFile; fileRef = D59957781BA2BD450089C1AB /* ARTwitterAutocompleteTextView.m */; };
		D599577F1BA2BD890089C1AB /* ARAutocompleteManager.m in Sources */ = {isa = PBXBuildFile; fileRef = D599577E1BA2BD890089C1AB /* ARAutocompleteManager.m */; };
/* End PBXBuildFile section */

/* Begin PBXFileReference section */
		C2B3C3F61BA2671B002344AE /* ARTextViewAutocompletionExampleSwift.app */ = {isa = PBXFileReference; explicitFileType = wrapper.application; includeInIndex = 0; path = ARTextViewAutocompletionExampleSwift.app; sourceTree = BUILT_PRODUCTS_DIR; };
		C2B3C3FA1BA2671B002344AE /* Info.plist */ = {isa = PBXFileReference; lastKnownFileType = text.plist.xml; path = Info.plist; sourceTree = "<group>"; };
		C2B3C3FB1BA2671B002344AE /* AppDelegate.swift */ = {isa = PBXFileReference; lastKnownFileType = sourcecode.swift; path = AppDelegate.swift; sourceTree = "<group>"; };
		C2B3C3FD1BA2671B002344AE /* ViewController.swift */ = {isa = PBXFileReference; lastKnownFileType = sourcecode.swift; path = ViewController.swift; sourceTree = "<group>"; };
		C2B3C4001BA2671B002344AE /* Base */ = {isa = PBXFileReference; lastKnownFileType = file.storyboard; name = Base; path = Base.lproj/Main.storyboard; sourceTree = "<group>"; };
		C2B3C4021BA2671B002344AE /* Images.xcassets */ = {isa = PBXFileReference; lastKnownFileType = folder.assetcatalog; path = Images.xcassets; sourceTree = "<group>"; };
		C2B3C4051BA2671B002344AE /* Base */ = {isa = PBXFileReference; lastKnownFileType = file.xib; name = Base; path = Base.lproj/LaunchScreen.xib; sourceTree = "<group>"; };
		C2B3C4101BA2671B002344AE /* Info.plist */ = {isa = PBXFileReference; lastKnownFileType = text.plist.xml; path = Info.plist; sourceTree = "<group>"; };
		C2B3C4111BA2671B002344AE /* ARTextViewAutocompletionExampleSwiftTests.swift */ = {isa = PBXFileReference; lastKnownFileType = sourcecode.swift; path = ARTextViewAutocompletionExampleSwiftTests.swift; sourceTree = "<group>"; };
		D59957731BA2BD450089C1AB /* ARAutocompleteTextView.h */ = {isa = PBXFileReference; fileEncoding = 4; lastKnownFileType = sourcecode.c.h; path = ARAutocompleteTextView.h; sourceTree = "<group>"; };
		D59957741BA2BD450089C1AB /* ARAutocompleteTextView.m */ = {isa = PBXFileReference; fileEncoding = 4; lastKnownFileType = sourcecode.c.objc; path = ARAutocompleteTextView.m; sourceTree = "<group>"; };
		D59957751BA2BD450089C1AB /* AREmailAutocompleteTextView.h */ = {isa = PBXFileReference; fileEncoding = 4; lastKnownFileType = sourcecode.c.h; path = AREmailAutocompleteTextView.h; sourceTree = "<group>"; };
		D59957761BA2BD450089C1AB /* AREmailAutocompleteTextView.m */ = {isa = PBXFileReference; fileEncoding = 4; lastKnownFileType = sourcecode.c.objc; path = AREmailAutocompleteTextView.m; sourceTree = "<group>"; };
		D59957771BA2BD450089C1AB /* ARTwitterAutocompleteTextView.h */ = {isa = PBXFileReference; fileEncoding = 4; lastKnownFileType = sourcecode.c.h; path = ARTwitterAutocompleteTextView.h; sourceTree = "<group>"; };
		D59957781BA2BD450089C1AB /* ARTwitterAutocompleteTextView.m */ = {isa = PBXFileReference; fileEncoding = 4; lastKnownFileType = sourcecode.c.objc; path = ARTwitterAutocompleteTextView.m; sourceTree = "<group>"; };
		D599577C1BA2BD4F0089C1AB /* ARTextViewAutocompletionExampleSwift-bridging-header.h */ = {isa = PBXFileReference; fileEncoding = 4; lastKnownFileType = sourcecode.c.h; path = "ARTextViewAutocompletionExampleSwift-bridging-header.h"; sourceTree = "<group>"; };
		D599577D1BA2BD890089C1AB /* ARAutocompleteManager.h */ = {isa = PBXFileReference; fileEncoding = 4; lastKnownFileType = sourcecode.c.h; name = ARAutocompleteManager.h; path = ARTextViewAutocompletionExample/ARAutocompleteManager.h; sourceTree = SOURCE_ROOT; };
		D599577E1BA2BD890089C1AB /* ARAutocompleteManager.m */ = {isa = PBXFileReference; fileEncoding = 4; lastKnownFileType = sourcecode.c.objc; name = ARAutocompleteManager.m; path = ARTextViewAutocompletionExample/ARAutocompleteManager.m; sourceTree = SOURCE_ROOT; };
/* End PBXFileReference section */

/* Begin PBXFrameworksBuildPhase section */
		C2B3C3F31BA2671B002344AE /* Frameworks */ = {
			isa = PBXFrameworksBuildPhase;
			buildActionMask = 2147483647;
			files = (
			);
			runOnlyForDeploymentPostprocessing = 0;
		};
/* End PBXFrameworksBuildPhase section */

/* Begin PBXGroup section */
		C2B3C3ED1BA2671B002344AE = {
			isa = PBXGroup;
			children = (
				C2B3C41B1BA26730002344AE /* Classes */,
				C2B3C3F81BA2671B002344AE /* ARTextViewAutocompletionExampleSwift */,
				C2B3C40E1BA2671B002344AE /* ARTextViewAutocompletionExampleSwiftTests */,
				C2B3C3F71BA2671B002344AE /* Products */,
			);
			sourceTree = "<group>";
		};
		C2B3C3F71BA2671B002344AE /* Products */ = {
			isa = PBXGroup;
			children = (
				C2B3C3F61BA2671B002344AE /* ARTextViewAutocompletionExampleSwift.app */,
			);
			name = Products;
			sourceTree = "<group>";
		};
		C2B3C3F81BA2671B002344AE /* ARTextViewAutocompletionExampleSwift */ = {
			isa = PBXGroup;
			children = (
				D599577D1BA2BD890089C1AB /* ARAutocompleteManager.h */,
				D599577E1BA2BD890089C1AB /* ARAutocompleteManager.m */,
				D599577C1BA2BD4F0089C1AB /* ARTextViewAutocompletionExampleSwift-bridging-header.h */,
				C2B3C3FB1BA2671B002344AE /* AppDelegate.swift */,
				C2B3C3FD1BA2671B002344AE /* ViewController.swift */,
				C2B3C3FF1BA2671B002344AE /* Main.storyboard */,
				C2B3C4021BA2671B002344AE /* Images.xcassets */,
				C2B3C4041BA2671B002344AE /* LaunchScreen.xib */,
				C2B3C3F91BA2671B002344AE /* Supporting Files */,
			);
			path = ARTextViewAutocompletionExampleSwift;
			sourceTree = "<group>";
		};
		C2B3C3F91BA2671B002344AE /* Supporting Files */ = {
			isa = PBXGroup;
			children = (
				C2B3C3FA1BA2671B002344AE /* Info.plist */,
			);
			name = "Supporting Files";
			sourceTree = "<group>";
		};
		C2B3C40E1BA2671B002344AE /* ARTextViewAutocompletionExampleSwiftTests */ = {
			isa = PBXGroup;
			children = (
				C2B3C4111BA2671B002344AE /* ARTextViewAutocompletionExampleSwiftTests.swift */,
				C2B3C40F1BA2671B002344AE /* Supporting Files */,
			);
			path = ARTextViewAutocompletionExampleSwiftTests;
			sourceTree = "<group>";
		};
		C2B3C40F1BA2671B002344AE /* Supporting Files */ = {
			isa = PBXGroup;
			children = (
				C2B3C4101BA2671B002344AE /* Info.plist */,
			);
			name = "Supporting Files";
			sourceTree = "<group>";
		};
		C2B3C41B1BA26730002344AE /* Classes */ = {
			isa = PBXGroup;
			children = (
				D59957731BA2BD450089C1AB /* ARAutocompleteTextView.h */,
				D59957741BA2BD450089C1AB /* ARAutocompleteTextView.m */,
				D59957751BA2BD450089C1AB /* AREmailAutocompleteTextView.h */,
				D59957761BA2BD450089C1AB /* AREmailAutocompleteTextView.m */,
				D59957771BA2BD450089C1AB /* ARTwitterAutocompleteTextView.h */,
				D59957781BA2BD450089C1AB /* ARTwitterAutocompleteTextView.m */,
			);
			path = Classes;
			sourceTree = "<group>";
		};
/* End PBXGroup section */

/* Begin PBXNativeTarget section */
		C2B3C3F51BA2671B002344AE /* ARTextViewAutocompletionExampleSwift */ = {
			isa = PBXNativeTarget;
			buildConfigurationList = C2B3C4151BA2671B002344AE /* Build configuration list for PBXNativeTarget "ARTextViewAutocompletionExampleSwift" */;
			buildPhases = (
				C2B3C3F21BA2671B002344AE /* Sources */,
				C2B3C3F31BA2671B002344AE /* Frameworks */,
				C2B3C3F41BA2671B002344AE /* Resources */,
			);
			buildRules = (
			);
			dependencies = (
			);
			name = ARTextViewAutocompletionExampleSwift;
			productName = ARTextViewAutocompletionExampleSwift;
			productReference = C2B3C3F61BA2671B002344AE /* ARTextViewAutocompletionExampleSwift.app */;
			productType = "com.apple.product-type.application";
		};
/* End PBXNativeTarget section */

/* Begin PBXProject section */
		C2B3C3EE1BA2671B002344AE /* Project object */ = {
			isa = PBXProject;
			attributes = {
				LastSwiftUpdateCheck = 0700;
				LastUpgradeCheck = 0640;
				ORGANIZATIONNAME = "Lucas Farah";
				TargetAttributes = {
					C2B3C3F51BA2671B002344AE = {
						CreatedOnToolsVersion = 6.4;
					};
				};
			};
			buildConfigurationList = C2B3C3F11BA2671B002344AE /* Build configuration list for PBXProject "ARTextViewAutocompletionExampleSwift" */;
			compatibilityVersion = "Xcode 3.2";
			developmentRegion = English;
			hasScannedForEncodings = 0;
			knownRegions = (
				en,
				Base,
			);
			mainGroup = C2B3C3ED1BA2671B002344AE;
			productRefGroup = C2B3C3F71BA2671B002344AE /* Products */;
			projectDirPath = "";
			projectRoot = "";
			targets = (
				C2B3C3F51BA2671B002344AE /* ARTextViewAutocompletionExampleSwift */,
			);
		};
/* End PBXProject section */

/* Begin PBXResourcesBuildPhase section */
		C2B3C3F41BA2671B002344AE /* Resources */ = {
			isa = PBXResourcesBuildPhase;
			buildActionMask = 2147483647;
			files = (
				C2B3C4011BA2671B002344AE /* Main.storyboard in Resources */,
				C2B3C4061BA2671B002344AE /* LaunchScreen.xib in Resources */,
				C2B3C4031BA2671B002344AE /* Images.xcassets in Resources */,
			);
			runOnlyForDeploymentPostprocessing = 0;
		};
/* End PBXResourcesBuildPhase section */

/* Begin PBXSourcesBuildPhase section */
		C2B3C3F21BA2671B002344AE /* Sources */ = {
			isa = PBXSourcesBuildPhase;
			buildActionMask = 2147483647;
			files = (
				C2B3C3FE1BA2671B002344AE /* ViewController.swift in Sources */,
				D599577A1BA2BD450089C1AB /* AREmailAutocompleteTextView.m in Sources */,
				D599577F1BA2BD890089C1AB /* ARAutocompleteManager.m in Sources */,
				D59957791BA2BD450089C1AB /* ARAutocompleteTextView.m in Sources */,
				D599577B1BA2BD450089C1AB /* ARTwitterAutocompleteTextView.m in Sources */,
				C2B3C3FC1BA2671B002344AE /* AppDelegate.swift in Sources */,
			);
			runOnlyForDeploymentPostprocessing = 0;
		};
/* End PBXSourcesBuildPhase section */

/* Begin PBXVariantGroup section */
		C2B3C3FF1BA2671B002344AE /* Main.storyboard */ = {
			isa = PBXVariantGroup;
			children = (
				C2B3C4001BA2671B002344AE /* Base */,
			);
			name = Main.storyboard;
			sourceTree = "<group>";
		};
		C2B3C4041BA2671B002344AE /* LaunchScreen.xib */ = {
			isa = PBXVariantGroup;
			children = (
				C2B3C4051BA2671B002344AE /* Base */,
			);
			name = LaunchScreen.xib;
			sourceTree = "<group>";
		};
/* End PBXVariantGroup section */

/* Begin XCBuildConfiguration section */
		C2B3C4131BA2671B002344AE /* Debug */ = {
			isa = XCBuildConfiguration;
			buildSettings = {
				ALWAYS_SEARCH_USER_PATHS = NO;
				CLANG_CXX_LANGUAGE_STANDARD = "gnu++0x";
				CLANG_CXX_LIBRARY = "libc++";
				CLANG_ENABLE_MODULES = YES;
				CLANG_ENABLE_OBJC_ARC = YES;
				CLANG_WARN_BOOL_CONVERSION = YES;
				CLANG_WARN_CONSTANT_CONVERSION = YES;
				CLANG_WARN_DIRECT_OBJC_ISA_USAGE = YES_ERROR;
				CLANG_WARN_EMPTY_BODY = YES;
				CLANG_WARN_ENUM_CONVERSION = YES;
				CLANG_WARN_INT_CONVERSION = YES;
				CLANG_WARN_OBJC_ROOT_CLASS = YES_ERROR;
				CLANG_WARN_UNREACHABLE_CODE = YES;
				CLANG_WARN__DUPLICATE_METHOD_MATCH = YES;
				"CODE_SIGN_IDENTITY[sdk=iphoneos*]" = "iPhone Developer";
				COPY_PHASE_STRIP = NO;
				DEBUG_INFORMATION_FORMAT = "dwarf-with-dsym";
				ENABLE_STRICT_OBJC_MSGSEND = YES;
				GCC_C_LANGUAGE_STANDARD = gnu99;
				GCC_DYNAMIC_NO_PIC = NO;
				GCC_NO_COMMON_BLOCKS = YES;
				GCC_OPTIMIZATION_LEVEL = 0;
				GCC_PREPROCESSOR_DEFINITIONS = (
					"DEBUG=1",
					"$(inherited)",
				);
				GCC_SYMBOLS_PRIVATE_EXTERN = NO;
				GCC_WARN_64_TO_32_BIT_CONVERSION = YES;
				GCC_WARN_ABOUT_RETURN_TYPE = YES_ERROR;
				GCC_WARN_UNDECLARED_SELECTOR = YES;
				GCC_WARN_UNINITIALIZED_AUTOS = YES_AGGRESSIVE;
				GCC_WARN_UNUSED_FUNCTION = YES;
				GCC_WARN_UNUSED_VARIABLE = YES;
				IPHONEOS_DEPLOYMENT_TARGET = 8.4;
				MTL_ENABLE_DEBUG_INFO = YES;
				ONLY_ACTIVE_ARCH = YES;
				SDKROOT = iphoneos;
				SWIFT_OPTIMIZATION_LEVEL = "-Onone";
			};
			name = Debug;
		};
		C2B3C4141BA2671B002344AE /* Release */ = {
			isa = XCBuildConfiguration;
			buildSettings = {
				ALWAYS_SEARCH_USER_PATHS = NO;
				CLANG_CXX_LANGUAGE_STANDARD = "gnu++0x";
				CLANG_CXX_LIBRARY = "libc++";
				CLANG_ENABLE_MODULES = YES;
				CLANG_ENABLE_OBJC_ARC = YES;
				CLANG_WARN_BOOL_CONVERSION = YES;
				CLANG_WARN_CONSTANT_CONVERSION = YES;
				CLANG_WARN_DIRECT_OBJC_ISA_USAGE = YES_ERROR;
				CLANG_WARN_EMPTY_BODY = YES;
				CLANG_WARN_ENUM_CONVERSION = YES;
				CLANG_WARN_INT_CONVERSION = YES;
				CLANG_WARN_OBJC_ROOT_CLASS = YES_ERROR;
				CLANG_WARN_UNREACHABLE_CODE = YES;
				CLANG_WARN__DUPLICATE_METHOD_MATCH = YES;
				"CODE_SIGN_IDENTITY[sdk=iphoneos*]" = "iPhone Developer";
				COPY_PHASE_STRIP = NO;
				DEBUG_INFORMATION_FORMAT = "dwarf-with-dsym";
				ENABLE_NS_ASSERTIONS = NO;
				ENABLE_STRICT_OBJC_MSGSEND = YES;
				GCC_C_LANGUAGE_STANDARD = gnu99;
				GCC_NO_COMMON_BLOCKS = YES;
				GCC_WARN_64_TO_32_BIT_CONVERSION = YES;
				GCC_WARN_ABOUT_RETURN_TYPE = YES_ERROR;
				GCC_WARN_UNDECLARED_SELECTOR = YES;
				GCC_WARN_UNINITIALIZED_AUTOS = YES_AGGRESSIVE;
				GCC_WARN_UNUSED_FUNCTION = YES;
				GCC_WARN_UNUSED_VARIABLE = YES;
				IPHONEOS_DEPLOYMENT_TARGET = 8.4;
				MTL_ENABLE_DEBUG_INFO = NO;
				SDKROOT = iphoneos;
				VALIDATE_PRODUCT = YES;
			};
			name = Release;
		};
		C2B3C4161BA2671B002344AE /* Debug */ = {
			isa = XCBuildConfiguration;
			buildSettings = {
				ASSETCATALOG_COMPILER_APPICON_NAME = AppIcon;
				INFOPLIST_FILE = ARTextViewAutocompletionExampleSwift/Info.plist;
				LD_RUNPATH_SEARCH_PATHS = "$(inherited) @executable_path/Frameworks";
				PRODUCT_NAME = "$(TARGET_NAME)";
				SWIFT_OBJC_BRIDGING_HEADER = "ARTextViewAutocompletionExampleSwift/ARTextViewAutocompletionExampleSwift-bridging-header.h";
			};
			name = Debug;
		};
		C2B3C4171BA2671B002344AE /* Release */ = {
			isa = XCBuildConfiguration;
			buildSettings = {
				ASSETCATALOG_COMPILER_APPICON_NAME = AppIcon;
				INFOPLIST_FILE = ARTextViewAutocompletionExampleSwift/Info.plist;
				LD_RUNPATH_SEARCH_PATHS = "$(inherited) @executable_path/Frameworks";
				PRODUCT_NAME = "$(TARGET_NAME)";
				SWIFT_OBJC_BRIDGING_HEADER = "ARTextViewAutocompletionExampleSwift/ARTextViewAutocompletionExampleSwift-bridging-header.h";
			};
			name = Release;
		};
/* End XCBuildConfiguration section */

/* Begin XCConfigurationList section */
		C2B3C3F11BA2671B002344AE /* Build configuration list for PBXProject "ARTextViewAutocompletionExampleSwift" */ = {
			isa = XCConfigurationList;
			buildConfigurations = (
				C2B3C4131BA2671B002344AE /* Debug */,
				C2B3C4141BA2671B002344AE /* Release */,
			);
			defaultConfigurationIsVisible = 0;
			defaultConfigurationName = Release;
		};
		C2B3C4151BA2671B002344AE /* Build configuration list for PBXNativeTarget "ARTextViewAutocompletionExampleSwift" */ = {
			isa = XCConfigurationList;
			buildConfigurations = (
				C2B3C4161BA2671B002344AE /* Debug */,
				C2B3C4171BA2671B002344AE /* Release */,
			);
			defaultConfigurationIsVisible = 0;
			defaultConfigurationName = Release;
		};
/* End XCConfigurationList section */
	};
	rootObject = C2B3C3EE1BA2671B002344AE /* Project object */;
}
